// !$*UTF8*$!
{
	archiveVersion = 1;
	classes = {
	};
	objectVersion = 50;
	objects = {

/* Begin PBXBuildFile section */
		CC704A5825409C38006491F6 /* PostsListViewController.swift in Sources */ = {isa = PBXBuildFile; fileRef = CC704A5725409C38006491F6 /* PostsListViewController.swift */; };
		CC704A5A25409EE9006491F6 /* DetailViewController.swift in Sources */ = {isa = PBXBuildFile; fileRef = CC704A5925409EE9006491F6 /* DetailViewController.swift */; };
		CC704A5C2540A225006491F6 /* test.png in Resources */ = {isa = PBXBuildFile; fileRef = CC704A5B2540A224006491F6 /* test.png */; };
		CC704A5E2540A567006491F6 /* ResultViewController.swift in Sources */ = {isa = PBXBuildFile; fileRef = CC704A5D2540A567006491F6 /* ResultViewController.swift */; };
		CC704A602540CAD4006491F6 /* PostViewController.swift in Sources */ = {isa = PBXBuildFile; fileRef = CC704A5F2540CAD4006491F6 /* PostViewController.swift */; };
		CC704A632540DBF1006491F6 /* CheckPermission.swift in Sources */ = {isa = PBXBuildFile; fileRef = CC704A622540DBF1006491F6 /* CheckPermission.swift */; };
		CC704A692542824B006491F6 /* ImageViewController.swift in Sources */ = {isa = PBXBuildFile; fileRef = CC704A682542824B006491F6 /* ImageViewController.swift */; };
		CCBFB335253FC2D60038A32A /* RegisterViewController.swift in Sources */ = {isa = PBXBuildFile; fileRef = CCBFB334253FC2D60038A32A /* RegisterViewController.swift */; };
		CCBFB339253FC3AB0038A32A /* LogInViewController.swift in Sources */ = {isa = PBXBuildFile; fileRef = CCBFB338253FC3AB0038A32A /* LogInViewController.swift */; };
		CCC2B3E32536AC8800F6D500 /* AppDelegate.swift in Sources */ = {isa = PBXBuildFile; fileRef = CCC2B3E22536AC8800F6D500 /* AppDelegate.swift */; };
		CCC2B3E52536AC8800F6D500 /* SceneDelegate.swift in Sources */ = {isa = PBXBuildFile; fileRef = CCC2B3E42536AC8800F6D500 /* SceneDelegate.swift */; };
		CCC2B3E72536AC8800F6D500 /* ViewController.swift in Sources */ = {isa = PBXBuildFile; fileRef = CCC2B3E62536AC8800F6D500 /* ViewController.swift */; };
		CCC2B3EA2536AC8800F6D500 /* Main.storyboard in Resources */ = {isa = PBXBuildFile; fileRef = CCC2B3E82536AC8800F6D500 /* Main.storyboard */; };
		CCC2B3EC2536AC8B00F6D500 /* Assets.xcassets in Resources */ = {isa = PBXBuildFile; fileRef = CCC2B3EB2536AC8B00F6D500 /* Assets.xcassets */; };
		CCC2B3EF2536AC8B00F6D500 /* LaunchScreen.storyboard in Resources */ = {isa = PBXBuildFile; fileRef = CCC2B3ED2536AC8B00F6D500 /* LaunchScreen.storyboard */; };
/* End PBXBuildFile section */

/* Begin PBXFileReference section */
		CC704A5725409C38006491F6 /* PostsListViewController.swift */ = {isa = PBXFileReference; lastKnownFileType = sourcecode.swift; path = PostsListViewController.swift; sourceTree = "<group>"; };
		CC704A5925409EE9006491F6 /* DetailViewController.swift */ = {isa = PBXFileReference; lastKnownFileType = sourcecode.swift; path = DetailViewController.swift; sourceTree = "<group>"; };
		CC704A5B2540A224006491F6 /* test.png */ = {isa = PBXFileReference; lastKnownFileType = image.png; path = test.png; sourceTree = "<group>"; };
		CC704A5D2540A567006491F6 /* ResultViewController.swift */ = {isa = PBXFileReference; lastKnownFileType = sourcecode.swift; path = ResultViewController.swift; sourceTree = "<group>"; };
		CC704A5F2540CAD4006491F6 /* PostViewController.swift */ = {isa = PBXFileReference; lastKnownFileType = sourcecode.swift; path = PostViewController.swift; sourceTree = "<group>"; };
		CC704A622540DBF1006491F6 /* CheckPermission.swift */ = {isa = PBXFileReference; lastKnownFileType = sourcecode.swift; path = CheckPermission.swift; sourceTree = "<group>"; };
		CC704A682542824B006491F6 /* ImageViewController.swift */ = {isa = PBXFileReference; lastKnownFileType = sourcecode.swift; path = ImageViewController.swift; sourceTree = "<group>"; };
		CCBFB334253FC2D60038A32A /* RegisterViewController.swift */ = {isa = PBXFileReference; lastKnownFileType = sourcecode.swift; path = RegisterViewController.swift; sourceTree = "<group>"; };
		CCBFB338253FC3AB0038A32A /* LogInViewController.swift */ = {isa = PBXFileReference; lastKnownFileType = sourcecode.swift; path = LogInViewController.swift; sourceTree = "<group>"; };
		CCC2B3DF2536AC8800F6D500 /* LoveJudgement.app */ = {isa = PBXFileReference; explicitFileType = wrapper.application; includeInIndex = 0; path = LoveJudgement.app; sourceTree = BUILT_PRODUCTS_DIR; };
		CCC2B3E22536AC8800F6D500 /* AppDelegate.swift */ = {isa = PBXFileReference; lastKnownFileType = sourcecode.swift; path = AppDelegate.swift; sourceTree = "<group>"; };
		CCC2B3E42536AC8800F6D500 /* SceneDelegate.swift */ = {isa = PBXFileReference; lastKnownFileType = sourcecode.swift; path = SceneDelegate.swift; sourceTree = "<group>"; };
		CCC2B3E62536AC8800F6D500 /* ViewController.swift */ = {isa = PBXFileReference; lastKnownFileType = sourcecode.swift; path = ViewController.swift; sourceTree = "<group>"; };
		CCC2B3E92536AC8800F6D500 /* Base */ = {isa = PBXFileReference; lastKnownFileType = file.storyboard; name = Base; path = Base.lproj/Main.storyboard; sourceTree = "<group>"; };
		CCC2B3EB2536AC8B00F6D500 /* Assets.xcassets */ = {isa = PBXFileReference; lastKnownFileType = folder.assetcatalog; path = Assets.xcassets; sourceTree = "<group>"; };
		CCC2B3EE2536AC8B00F6D500 /* Base */ = {isa = PBXFileReference; lastKnownFileType = file.storyboard; name = Base; path = Base.lproj/LaunchScreen.storyboard; sourceTree = "<group>"; };
		CCC2B3F02536AC8B00F6D500 /* Info.plist */ = {isa = PBXFileReference; lastKnownFileType = text.plist.xml; path = Info.plist; sourceTree = "<group>"; };
/* End PBXFileReference section */

/* Begin PBXFrameworksBuildPhase section */
		CCC2B3DC2536AC8800F6D500 /* Frameworks */ = {
			isa = PBXFrameworksBuildPhase;
			buildActionMask = 2147483647;
			files = (
			);
			runOnlyForDeploymentPostprocessing = 0;
		};
/* End PBXFrameworksBuildPhase section */

/* Begin PBXGroup section */
		CC704A612540DB97006491F6 /* Model */ = {
			isa = PBXGroup;
			children = (
				CC704A622540DBF1006491F6 /* CheckPermission.swift */,
			);
			path = Model;
			sourceTree = "<group>";
		};
		CCC2B3D62536AC8800F6D500 = {
			isa = PBXGroup;
			children = (
				CCC2B3E12536AC8800F6D500 /* LoveJudgement */,
				CCC2B3E02536AC8800F6D500 /* Products */,
			);
			sourceTree = "<group>";
		};
		CCC2B3E02536AC8800F6D500 /* Products */ = {
			isa = PBXGroup;
			children = (
				CCC2B3DF2536AC8800F6D500 /* LoveJudgement.app */,
			);
			name = Products;
			sourceTree = "<group>";
		};
		CCC2B3E12536AC8800F6D500 /* LoveJudgement */ = {
			isa = PBXGroup;
			children = (
				CC704A682542824B006491F6 /* ImageViewController.swift */,
				CCC2B3E22536AC8800F6D500 /* AppDelegate.swift */,
				CCC2B3E42536AC8800F6D500 /* SceneDelegate.swift */,
				CCC2B3E62536AC8800F6D500 /* ViewController.swift */,
				CCBFB334253FC2D60038A32A /* RegisterViewController.swift */,
				CCBFB338253FC3AB0038A32A /* LogInViewController.swift */,
				CCC2B3E82536AC8800F6D500 /* Main.storyboard */,
				CC704A5F2540CAD4006491F6 /* PostViewController.swift */,
				CC704A5D2540A567006491F6 /* ResultViewController.swift */,
				CC704A5925409EE9006491F6 /* DetailViewController.swift */,
				CC704A5725409C38006491F6 /* PostsListViewController.swift */,
				CC704A612540DB97006491F6 /* Model */,
				CCC2B3EB2536AC8B00F6D500 /* Assets.xcassets */,
				CC704A5B2540A224006491F6 /* test.png */,
				CCC2B3ED2536AC8B00F6D500 /* LaunchScreen.storyboard */,
				CCC2B3F02536AC8B00F6D500 /* Info.plist */,
			);
			path = LoveJudgement;
			sourceTree = "<group>";
		};
/* End PBXGroup section */

/* Begin PBXNativeTarget section */
		CCC2B3DE2536AC8800F6D500 /* LoveJudgement */ = {
			isa = PBXNativeTarget;
			buildConfigurationList = CCC2B3F32536AC8B00F6D500 /* Build configuration list for PBXNativeTarget "LoveJudgement" */;
			buildPhases = (
				CCC2B3DB2536AC8800F6D500 /* Sources */,
				CCC2B3DC2536AC8800F6D500 /* Frameworks */,
				CCC2B3DD2536AC8800F6D500 /* Resources */,
			);
			buildRules = (
			);
			dependencies = (
			);
			name = LoveJudgement;
			productName = LoveJudgement;
			productReference = CCC2B3DF2536AC8800F6D500 /* LoveJudgement.app */;
			productType = "com.apple.product-type.application";
		};
/* End PBXNativeTarget section */

/* Begin PBXProject section */
		CCC2B3D72536AC8800F6D500 /* Project object */ = {
			isa = PBXProject;
			attributes = {
				LastSwiftUpdateCheck = 1130;
				LastUpgradeCheck = 1130;
				ORGANIZATIONNAME = ShunsukeOdani;
				TargetAttributes = {
					CCC2B3DE2536AC8800F6D500 = {
						CreatedOnToolsVersion = 11.3.1;
					};
				};
			};
			buildConfigurationList = CCC2B3DA2536AC8800F6D500 /* Build configuration list for PBXProject "LoveJudgement" */;
			compatibilityVersion = "Xcode 9.3";
			developmentRegion = en;
			hasScannedForEncodings = 0;
			knownRegions = (
				en,
				Base,
			);
			mainGroup = CCC2B3D62536AC8800F6D500;
			productRefGroup = CCC2B3E02536AC8800F6D500 /* Products */;
			projectDirPath = "";
			projectRoot = "";
			targets = (
				CCC2B3DE2536AC8800F6D500 /* LoveJudgement */,
			);
		};
/* End PBXProject section */

/* Begin PBXResourcesBuildPhase section */
		CCC2B3DD2536AC8800F6D500 /* Resources */ = {
			isa = PBXResourcesBuildPhase;
			buildActionMask = 2147483647;
			files = (
				CCC2B3EF2536AC8B00F6D500 /* LaunchScreen.storyboard in Resources */,
				CCC2B3EC2536AC8B00F6D500 /* Assets.xcassets in Resources */,
				CCC2B3EA2536AC8800F6D500 /* Main.storyboard in Resources */,
				CC704A5C2540A225006491F6 /* test.png in Resources */,
			);
			runOnlyForDeploymentPostprocessing = 0;
		};
/* End PBXResourcesBuildPhase section */

/* Begin PBXSourcesBuildPhase section */
		CCC2B3DB2536AC8800F6D500 /* Sources */ = {
			isa = PBXSourcesBuildPhase;
			buildActionMask = 2147483647;
			files = (
				CC704A602540CAD4006491F6 /* PostViewController.swift in Sources */,
				CC704A5825409C38006491F6 /* PostsListViewController.swift in Sources */,
				CCC2B3E72536AC8800F6D500 /* ViewController.swift in Sources */,
				CCC2B3E32536AC8800F6D500 /* AppDelegate.swift in Sources */,
				CC704A5E2540A567006491F6 /* ResultViewController.swift in Sources */,
				CC704A632540DBF1006491F6 /* CheckPermission.swift in Sources */,
				CCC2B3E52536AC8800F6D500 /* SceneDelegate.swift in Sources */,
				CCBFB339253FC3AB0038A32A /* LogInViewController.swift in Sources */,
				CCBFB335253FC2D60038A32A /* RegisterViewController.swift in Sources */,
				CC704A692542824B006491F6 /* ImageViewController.swift in Sources */,
				CC704A5A25409EE9006491F6 /* DetailViewController.swift in Sources */,
			);
			runOnlyForDeploymentPostprocessing = 0;
		};
/* End PBXSourcesBuildPhase section */

/* Begin PBXVariantGroup section */
		CCC2B3E82536AC8800F6D500 /* Main.storyboard */ = {
			isa = PBXVariantGroup;
			children = (
				CCC2B3E92536AC8800F6D500 /* Base */,
			);
			name = Main.storyboard;
			sourceTree = "<group>";
		};
		CCC2B3ED2536AC8B00F6D500 /* LaunchScreen.storyboard */ = {
			isa = PBXVariantGroup;
			children = (
				CCC2B3EE2536AC8B00F6D500 /* Base */,
			);
			name = LaunchScreen.storyboard;
			sourceTree = "<group>";
		};
/* End PBXVariantGroup section */

/* Begin XCBuildConfiguration section */
		CCC2B3F12536AC8B00F6D500 /* Debug */ = {
			isa = XCBuildConfiguration;
			buildSettings = {
				ALWAYS_SEARCH_USER_PATHS = NO;
				CLANG_ANALYZER_NONNULL = YES;
				CLANG_ANALYZER_NUMBER_OBJECT_CONVERSION = YES_AGGRESSIVE;
				CLANG_CXX_LANGUAGE_STANDARD = "gnu++14";
				CLANG_CXX_LIBRARY = "libc++";
				CLANG_ENABLE_MODULES = YES;
				CLANG_ENABLE_OBJC_ARC = YES;
				CLANG_ENABLE_OBJC_WEAK = YES;
				CLANG_WARN_BLOCK_CAPTURE_AUTORELEASING = YES;
				CLANG_WARN_BOOL_CONVERSION = YES;
				CLANG_WARN_COMMA = YES;
				CLANG_WARN_CONSTANT_CONVERSION = YES;
				CLANG_WARN_DEPRECATED_OBJC_IMPLEMENTATIONS = YES;
				CLANG_WARN_DIRECT_OBJC_ISA_USAGE = YES_ERROR;
				CLANG_WARN_DOCUMENTATION_COMMENTS = YES;
				CLANG_WARN_EMPTY_BODY = YES;
				CLANG_WARN_ENUM_CONVERSION = YES;
				CLANG_WARN_INFINITE_RECURSION = YES;
				CLANG_WARN_INT_CONVERSION = YES;
				CLANG_WARN_NON_LITERAL_NULL_CONVERSION = YES;
				CLANG_WARN_OBJC_IMPLICIT_RETAIN_SELF = YES;
				CLANG_WARN_OBJC_LITERAL_CONVERSION = YES;
				CLANG_WARN_OBJC_ROOT_CLASS = YES_ERROR;
				CLANG_WARN_RANGE_LOOP_ANALYSIS = YES;
				CLANG_WARN_STRICT_PROTOTYPES = YES;
				CLANG_WARN_SUSPICIOUS_MOVE = YES;
				CLANG_WARN_UNGUARDED_AVAILABILITY = YES_AGGRESSIVE;
				CLANG_WARN_UNREACHABLE_CODE = YES;
				CLANG_WARN__DUPLICATE_METHOD_MATCH = YES;
				COPY_PHASE_STRIP = NO;
				DEBUG_INFORMATION_FORMAT = dwarf;
				ENABLE_STRICT_OBJC_MSGSEND = YES;
				ENABLE_TESTABILITY = YES;
				GCC_C_LANGUAGE_STANDARD = gnu11;
				GCC_DYNAMIC_NO_PIC = NO;
				GCC_NO_COMMON_BLOCKS = YES;
				GCC_OPTIMIZATION_LEVEL = 0;
				GCC_PREPROCESSOR_DEFINITIONS = (
					"DEBUG=1",
					"$(inherited)",
				);
				GCC_WARN_64_TO_32_BIT_CONVERSION = YES;
				GCC_WARN_ABOUT_RETURN_TYPE = YES_ERROR;
				GCC_WARN_UNDECLARED_SELECTOR = YES;
				GCC_WARN_UNINITIALIZED_AUTOS = YES_AGGRESSIVE;
				GCC_WARN_UNUSED_FUNCTION = YES;
				GCC_WARN_UNUSED_VARIABLE = YES;
				IPHONEOS_DEPLOYMENT_TARGET = 13.2;
				MTL_ENABLE_DEBUG_INFO = INCLUDE_SOURCE;
				MTL_FAST_MATH = YES;
				ONLY_ACTIVE_ARCH = YES;
				SDKROOT = iphoneos;
				SWIFT_ACTIVE_COMPILATION_CONDITIONS = DEBUG;
				SWIFT_OPTIMIZATION_LEVEL = "-Onone";
			};
			name = Debug;
		};
		CCC2B3F22536AC8B00F6D500 /* Release */ = {
			isa = XCBuildConfiguration;
			buildSettings = {
				ALWAYS_SEARCH_USER_PATHS = NO;
				CLANG_ANALYZER_NONNULL = YES;
				CLANG_ANALYZER_NUMBER_OBJECT_CONVERSION = YES_AGGRESSIVE;
				CLANG_CXX_LANGUAGE_STANDARD = "gnu++14";
				CLANG_CXX_LIBRARY = "libc++";
				CLANG_ENABLE_MODULES = YES;
				CLANG_ENABLE_OBJC_ARC = YES;
				CLANG_ENABLE_OBJC_WEAK = YES;
				CLANG_WARN_BLOCK_CAPTURE_AUTORELEASING = YES;
				CLANG_WARN_BOOL_CONVERSION = YES;
				CLANG_WARN_COMMA = YES;
				CLANG_WARN_CONSTANT_CONVERSION = YES;
				CLANG_WARN_DEPRECATED_OBJC_IMPLEMENTATIONS = YES;
				CLANG_WARN_DIRECT_OBJC_ISA_USAGE = YES_ERROR;
				CLANG_WARN_DOCUMENTATION_COMMENTS = YES;
				CLANG_WARN_EMPTY_BODY = YES;
				CLANG_WARN_ENUM_CONVERSION = YES;
				CLANG_WARN_INFINITE_RECURSION = YES;
				CLANG_WARN_INT_CONVERSION = YES;
				CLANG_WARN_NON_LITERAL_NULL_CONVERSION = YES;
				CLANG_WARN_OBJC_IMPLICIT_RETAIN_SELF = YES;
				CLANG_WARN_OBJC_LITERAL_CONVERSION = YES;
				CLANG_WARN_OBJC_ROOT_CLASS = YES_ERROR;
				CLANG_WARN_RANGE_LOOP_ANALYSIS = YES;
				CLANG_WARN_STRICT_PROTOTYPES = YES;
				CLANG_WARN_SUSPICIOUS_MOVE = YES;
				CLANG_WARN_UNGUARDED_AVAILABILITY = YES_AGGRESSIVE;
				CLANG_WARN_UNREACHABLE_CODE = YES;
				CLANG_WARN__DUPLICATE_METHOD_MATCH = YES;
				COPY_PHASE_STRIP = NO;
				DEBUG_INFORMATION_FORMAT = "dwarf-with-dsym";
				ENABLE_NS_ASSERTIONS = NO;
				ENABLE_STRICT_OBJC_MSGSEND = YES;
				GCC_C_LANGUAGE_STANDARD = gnu11;
				GCC_NO_COMMON_BLOCKS = YES;
				GCC_WARN_64_TO_32_BIT_CONVERSION = YES;
				GCC_WARN_ABOUT_RETURN_TYPE = YES_ERROR;
				GCC_WARN_UNDECLARED_SELECTOR = YES;
				GCC_WARN_UNINITIALIZED_AUTOS = YES_AGGRESSIVE;
				GCC_WARN_UNUSED_FUNCTION = YES;
				GCC_WARN_UNUSED_VARIABLE = YES;
				IPHONEOS_DEPLOYMENT_TARGET = 13.2;
				MTL_ENABLE_DEBUG_INFO = NO;
				MTL_FAST_MATH = YES;
				SDKROOT = iphoneos;
				SWIFT_COMPILATION_MODE = wholemodule;
				SWIFT_OPTIMIZATION_LEVEL = "-O";
				VALIDATE_PRODUCT = YES;
			};
			name = Release;
		};
		CCC2B3F42536AC8B00F6D500 /* Debug */ = {
			isa = XCBuildConfiguration;
			buildSettings = {
				ASSETCATALOG_COMPILER_APPICON_NAME = AppIcon;
				CODE_SIGN_STYLE = Automatic;
				DEVELOPMENT_TEAM = Y7R99AZ9GB;
				INFOPLIST_FILE = LoveJudgement/Info.plist;
				LD_RUNPATH_SEARCH_PATHS = (
					"$(inherited)",
					"@executable_path/Frameworks",
				);
				PRODUCT_BUNDLE_IDENTIFIER = gakeppuchi.net.LoveJudgement;
				PRODUCT_NAME = "$(TARGET_NAME)";
				SWIFT_VERSION = 5.0;
				TARGETED_DEVICE_FAMILY = 1;
			};
			name = Debug;
		};
		CCC2B3F52536AC8B00F6D500 /* Release */ = {
			isa = XCBuildConfiguration;
			buildSettings = {
				ASSETCATALOG_COMPILER_APPICON_NAME = AppIcon;
				CODE_SIGN_STYLE = Automatic;
				DEVELOPMENT_TEAM = Y7R99AZ9GB;
				INFOPLIST_FILE = LoveJudgement/Info.plist;
				LD_RUNPATH_SEARCH_PATHS = (
					"$(inherited)",
					"@executable_path/Frameworks",
				);
				PRODUCT_BUNDLE_IDENTIFIER = gakeppuchi.net.LoveJudgement;
				PRODUCT_NAME = "$(TARGET_NAME)";
				SWIFT_VERSION = 5.0;
				TARGETED_DEVICE_FAMILY = 1;
			};
			name = Release;
		};
/* End XCBuildConfiguration section */

/* Begin XCConfigurationList section */
		CCC2B3DA2536AC8800F6D500 /* Build configuration list for PBXProject "LoveJudgement" */ = {
			isa = XCConfigurationList;
			buildConfigurations = (
				CCC2B3F12536AC8B00F6D500 /* Debug */,
				CCC2B3F22536AC8B00F6D500 /* Release */,
			);
			defaultConfigurationIsVisible = 0;
			defaultConfigurationName = Release;
		};
		CCC2B3F32536AC8B00F6D500 /* Build configuration list for PBXNativeTarget "LoveJudgement" */ = {
			isa = XCConfigurationList;
			buildConfigurations = (
				CCC2B3F42536AC8B00F6D500 /* Debug */,
				CCC2B3F52536AC8B00F6D500 /* Release */,
			);
			defaultConfigurationIsVisible = 0;
			defaultConfigurationName = Release;
		};
/* End XCConfigurationList section */
	};
	rootObject = CCC2B3D72536AC8800F6D500 /* Project object */;
}
